
Microsoft Visual Studio Solution File, Format Version 12.00
# Visual Studio Version 16
VisualStudioVersion = 16.0.30804.86
MinimumVisualStudioVersion = 10.0.40219.1
Project("{FAE04EC0-301F-11D3-BF4B-00C04F79EFBC}") = "WebApplication", "WebApplication\WebApplication.csproj", "{D6EEF374-07FC-4D1C-987C-B908402ED92E}"
EndProject
Project("{FAE04EC0-301F-11D3-BF4B-00C04F79EFBC}") = "ClassLibrary", "ClassLibrary\ClassLibrary.csproj", "{1493D2CF-CABF-471B-A5C7-1A817C5B452C}"
EndProject
Global
	GlobalSection(SolutionConfigurationPlatforms) = preSolution
		Debug|Any CPU = Debug|Any CPU
		Release|Any CPU = Release|Any CPU
	EndGlobalSection
	GlobalSection(ProjectConfigurationPlatforms) = postSolution
		{D6EEF374-07FC-4D1C-987C-B908402ED92E}.Debug|Any CPU.ActiveCfg = Debug|Any CPU
		{D6EEF374-07FC-4D1C-987C-B908402ED92E}.Debug|Any CPU.Build.0 = Debug|Any CPU
		{D6EEF374-07FC-4D1C-987C-B908402ED92E}.Release|Any CPU.ActiveCfg = Release|Any CPU
		{D6EEF374-07FC-4D1C-987C-B908402ED92E}.Release|Any CPU.Build.0 = Release|Any CPU
		{1493D2CF-CABF-471B-A5C7-1A817C5B452C}.Debug|Any CPU.ActiveCfg = Debug|Any CPU
		{1493D2CF-CABF-471B-A5C7-1A817C5B452C}.Debug|Any CPU.Build.0 = Debug|Any CPU
		{1493D2CF-CABF-471B-A5C7-1A817C5B452C}.Release|Any CPU.ActiveCfg = Release|Any CPU
		{1493D2CF-CABF-471B-A5C7-1A817C5B452C}.Release|Any CPU.Build.0 = Release|Any CPU
	EndGlobalSection
	GlobalSection(SolutionProperties) = preSolution
		HideSolutionNode = FALSE
	EndGlobalSection
	GlobalSection(ExtensibilityGlobals) = postSolution
		SolutionGuid = {3183E2C0-F1F3-467C-BB8F-D422B97E80F3}
	EndGlobalSection
EndGlobal
